
Microsoft Visual Studio Solution File, Format Version 12.00
# Visual Studio Version 17
VisualStudioVersion = 17.0.31903.59
MinimumVisualStudioVersion = 10.0.40219.1
Project("{9A19103F-16F7-4668-BE54-9A1E7A4F7556}") = "ScreenSound", "ScreenSound\ScreenSound.csproj", "{A9CCE41C-6657-42BF-AED4-F3F578033037}"
EndProject
Project("{9A19103F-16F7-4668-BE54-9A1E7A4F7556}") = "ScreenSound.API", "ScreenSound.API\ScreenSound.API.csproj", "{C42EE4A2-93E2-4FB5-B9FA-7381CB9F803F}"
EndProject
Project("{9A19103F-16F7-4668-BE54-9A1E7A4F7556}") = "ScreenSound.Shared.Modelos", "ScreenSound.Shared.Modelos\ScreenSound.Shared.Modelos.csproj", "{1CCADAD7-4C60-465D-ADB4-5BACDFC47EF5}"
EndProject
Project("{9A19103F-16F7-4668-BE54-9A1E7A4F7556}") = "ScreenSound.Shared.Dados", "ScreenSound.Shared.Dados\ScreenSound.Shared.Dados.csproj", "{8EBA7345-204E-4D45-A987-3DB6A9D51669}"
EndProject
Project("{FAE04EC0-301F-11D3-BF4B-00C04F79EFBC}") = "ScreenSound.Web", "ScreenSound.Web\ScreenSound.Web.csproj", "{C529431B-6DBC-4D00-A94B-D787F6A5B09B}"
EndProject
Global
	GlobalSection(SolutionConfigurationPlatforms) = preSolution
		Debug|Any CPU = Debug|Any CPU
		Release|Any CPU = Release|Any CPU
	EndGlobalSection
	GlobalSection(ProjectConfigurationPlatforms) = postSolution
		{A9CCE41C-6657-42BF-AED4-F3F578033037}.Debug|Any CPU.ActiveCfg = Debug|Any CPU
		{A9CCE41C-6657-42BF-AED4-F3F578033037}.Debug|Any CPU.Build.0 = Debug|Any CPU
		{A9CCE41C-6657-42BF-AED4-F3F578033037}.Release|Any CPU.ActiveCfg = Release|Any CPU
		{A9CCE41C-6657-42BF-AED4-F3F578033037}.Release|Any CPU.Build.0 = Release|Any CPU
		{C42EE4A2-93E2-4FB5-B9FA-7381CB9F803F}.Debug|Any CPU.ActiveCfg = Debug|Any CPU
		{C42EE4A2-93E2-4FB5-B9FA-7381CB9F803F}.Debug|Any CPU.Build.0 = Debug|Any CPU
		{C42EE4A2-93E2-4FB5-B9FA-7381CB9F803F}.Release|Any CPU.ActiveCfg = Release|Any CPU
		{C42EE4A2-93E2-4FB5-B9FA-7381CB9F803F}.Release|Any CPU.Build.0 = Release|Any CPU
		{1CCADAD7-4C60-465D-ADB4-5BACDFC47EF5}.Debug|Any CPU.ActiveCfg = Debug|Any CPU
		{1CCADAD7-4C60-465D-ADB4-5BACDFC47EF5}.Debug|Any CPU.Build.0 = Debug|Any CPU
		{1CCADAD7-4C60-465D-ADB4-5BACDFC47EF5}.Release|Any CPU.ActiveCfg = Release|Any CPU
		{1CCADAD7-4C60-465D-ADB4-5BACDFC47EF5}.Release|Any CPU.Build.0 = Release|Any CPU
		{8EBA7345-204E-4D45-A987-3DB6A9D51669}.Debug|Any CPU.ActiveCfg = Debug|Any CPU
		{8EBA7345-204E-4D45-A987-3DB6A9D51669}.Debug|Any CPU.Build.0 = Debug|Any CPU
		{8EBA7345-204E-4D45-A987-3DB6A9D51669}.Release|Any CPU.ActiveCfg = Release|Any CPU
		{8EBA7345-204E-4D45-A987-3DB6A9D51669}.Release|Any CPU.Build.0 = Release|Any CPU
		{C529431B-6DBC-4D00-A94B-D787F6A5B09B}.Debug|Any CPU.ActiveCfg = Debug|Any CPU
		{C529431B-6DBC-4D00-A94B-D787F6A5B09B}.Debug|Any CPU.Build.0 = Debug|Any CPU
		{C529431B-6DBC-4D00-A94B-D787F6A5B09B}.Release|Any CPU.ActiveCfg = Release|Any CPU
		{C529431B-6DBC-4D00-A94B-D787F6A5B09B}.Release|Any CPU.Build.0 = Release|Any CPU
	EndGlobalSection
	GlobalSection(SolutionProperties) = preSolution
		HideSolutionNode = FALSE
	EndGlobalSection
	GlobalSection(ExtensibilityGlobals) = postSolution
		SolutionGuid = {3FEBA61B-343B-4E91-8461-695FC6BBF359}
	EndGlobalSection
EndGlobal
